<Solution>
  <Folder Name="/Backend/">
    <File Path="circle.cs" />
    <File Path="geometric.cs" />
    <File Path="kite.cs" />
    <File Path="parallelogram.cs" />
    <File Path="rectangle.cs" />
    <File Path="rhombus.cs" />
    <File Path="square.cs" />
    <File Path="trapeze.cs" />
    <File Path="triangle.cs" />
  </Folder>
  <Folder Name="/Frontend/">
    <File Path="program.cs" />
  </Folder>
</Solution>
